<Project xmlns="http://schemas.microsoft.com/developer/msbuild/2003">
    <PropertyGroup>
        <ProjectGuid>{49EB7A11-489C-4879-B711-CED887D15ED9}</ProjectGuid>
        <ProjectVersion>14.6</ProjectVersion>
        <FrameworkType>VCL</FrameworkType>
        <MainSource>VisualMASM.dpr</MainSource>
        <Base>True</Base>
        <Config Condition="'$(Config)'==''">Debug</Config>
        <Platform Condition="'$(Platform)'==''">Win32</Platform>
        <TargetedPlatforms>3</TargetedPlatforms>
        <AppType>Application</AppType>
    </PropertyGroup>
    <PropertyGroup Condition="'$(Config)'=='Base' or '$(Base)'!=''">
        <Base>true</Base>
    </PropertyGroup>
    <PropertyGroup Condition="('$(Platform)'=='Win32' and '$(Base)'=='true') or '$(Base_Win32)'!=''">
        <Base_Win32>true</Base_Win32>
        <CfgParent>Base</CfgParent>
        <Base>true</Base>
    </PropertyGroup>
    <PropertyGroup Condition="('$(Platform)'=='Win64' and '$(Base)'=='true') or '$(Base_Win64)'!=''">
        <Base_Win64>true</Base_Win64>
        <CfgParent>Base</CfgParent>
        <Base>true</Base>
    </PropertyGroup>
    <PropertyGroup Condition="'$(Config)'=='Debug' or '$(Cfg_1)'!=''">
        <Cfg_1>true</Cfg_1>
        <CfgParent>Base</CfgParent>
        <Base>true</Base>
    </PropertyGroup>
    <PropertyGroup Condition="('$(Platform)'=='Win32' and '$(Cfg_1)'=='true') or '$(Cfg_1_Win32)'!=''">
        <Cfg_1_Win32>true</Cfg_1_Win32>
        <CfgParent>Cfg_1</CfgParent>
        <Cfg_1>true</Cfg_1>
        <Base>true</Base>
    </PropertyGroup>
    <PropertyGroup Condition="'$(Config)'=='Release' or '$(Cfg_2)'!=''">
        <Cfg_2>true</Cfg_2>
        <CfgParent>Base</CfgParent>
        <Base>true</Base>
    </PropertyGroup>
    <PropertyGroup Condition="('$(Platform)'=='Win32' and '$(Cfg_2)'=='true') or '$(Cfg_2_Win32)'!=''">
        <Cfg_2_Win32>true</Cfg_2_Win32>
        <CfgParent>Cfg_2</CfgParent>
        <Cfg_2>true</Cfg_2>
        <Base>true</Base>
    </PropertyGroup>
    <PropertyGroup Condition="'$(Base)'!=''">
        <VCL_Custom_Styles>&quot;Auric|VCLSTYLE|$(PUBLIC)\Documents\RAD Studio\11.0\Styles\Auric.vsf&quot;</VCL_Custom_Styles>
        <Icon_MainIcon>$(BDS)\bin\delphi_PROJECTICON.ico</Icon_MainIcon>
        <DCC_Namespace>System;Xml;Data;Datasnap;Web;Soap;Vcl;Vcl.Imaging;Vcl.Touch;Vcl.Samples;Vcl.Shell;$(DCC_Namespace)</DCC_Namespace>
        <DCC_DcuOutput>.\$(Platform)\$(Config)</DCC_DcuOutput>
        <DCC_ExeOutput>.\$(Platform)\$(Config)</DCC_ExeOutput>
        <DCC_E>false</DCC_E>
        <DCC_N>false</DCC_N>
        <DCC_S>false</DCC_S>
        <DCC_F>false</DCC_F>
        <DCC_K>false</DCC_K>
    </PropertyGroup>
    <PropertyGroup Condition="'$(Base_Win32)'!=''">
        <DCC_Namespace>Winapi;System.Win;Data.Win;Datasnap.Win;Web.Win;Soap.Win;Xml.Win;Bde;$(DCC_Namespace)</DCC_Namespace>
        <Manifest_File>$(BDS)\bin\default_app.manifest</Manifest_File>
        <VerInfo_Locale>1033</VerInfo_Locale>
        <DCC_UsePackage>bindcompfmx;vcldbx;fmx;rtl;dbrtl;IndySystem;TeeDB;bindcomp;inetdbbde;vclib;DBXInterBaseDriver;Tee;DataSnapCommon;xmlrtl;svnui;ibxpress;DbxCommonDriver;vclimg;IndyProtocols;dbxcds;MetropolisUILiveTile;bindcompdbx;FMXTee;TeeUI;vclactnband;bindengine;vcldb;bindcompvcl;soaprtl;vcldsnap;vclie;vcltouch;CustomIPTransport;VclSmp;dsnap;IndyIPServer;IndyCore;vcl;IndyIPCommon;FmxTeeUI;inet;vclx;inetdbxpress;webdsnap;svn;bdertl;dbexpress;adortl;IndyIPClient;$(DCC_UsePackage)</DCC_UsePackage>
        <VerInfo_Keys>CompanyName=;FileDescription=;FileVersion=1.0.0.0;InternalName=;LegalCopyright=;LegalTrademarks=;OriginalFilename=;ProductName=;ProductVersion=1.0.0.0;Comments=</VerInfo_Keys>
        <VerInfo_IncludeVerInfo>true</VerInfo_IncludeVerInfo>
    </PropertyGroup>
    <PropertyGroup Condition="'$(Base_Win64)'!=''">
        <VerInfo_Locale>1033</VerInfo_Locale>
        <VerInfo_IncludeVerInfo>true</VerInfo_IncludeVerInfo>
        <Manifest_File>$(BDS)\bin\default_app.manifest</Manifest_File>
        <VerInfo_Keys>CompanyName=;FileDescription=;FileVersion=1.0.0.0;InternalName=;LegalCopyright=;LegalTrademarks=;OriginalFilename=;ProductName=;ProductVersion=1.0.0.0;Comments=</VerInfo_Keys>
        <DCC_Namespace>Winapi;System.Win;Data.Win;Datasnap.Win;Web.Win;Soap.Win;Xml.Win;$(DCC_Namespace)</DCC_Namespace>
        <DCC_UsePackage>bindcompfmx;fmx;rtl;dbrtl;IndySystem;TeeDB;bindcomp;vclib;DBXInterBaseDriver;Tee;DataSnapCommon;xmlrtl;ibxpress;DbxCommonDriver;vclimg;IndyProtocols;dbxcds;MetropolisUILiveTile;bindcompdbx;FMXTee;TeeUI;vclactnband;bindengine;vcldb;bindcompvcl;soaprtl;vcldsnap;vclie;vcltouch;CustomIPTransport;VclSmp;dsnap;IndyIPServer;IndyCore;vcl;IndyIPCommon;FmxTeeUI;inet;vclx;inetdbxpress;webdsnap;dbexpress;adortl;IndyIPClient;$(DCC_UsePackage)</DCC_UsePackage>
    </PropertyGroup>
    <PropertyGroup Condition="'$(Cfg_1)'!=''">
        <DCC_Define>DEBUG;$(DCC_Define)</DCC_Define>
        <DCC_DebugDCUs>true</DCC_DebugDCUs>
        <DCC_Optimize>false</DCC_Optimize>
        <DCC_GenerateStackFrames>true</DCC_GenerateStackFrames>
        <DCC_DebugInfoInExe>true</DCC_DebugInfoInExe>
        <DCC_RemoteDebug>true</DCC_RemoteDebug>
    </PropertyGroup>
    <PropertyGroup Condition="'$(Cfg_1_Win32)'!=''">
        <Icon_MainIcon>Images\VisualMASM_white_32x20_web.ico</Icon_MainIcon>
        <VerInfo_IncludeVerInfo>true</VerInfo_IncludeVerInfo>
        <VerInfo_Locale>1033</VerInfo_Locale>
        <DCC_RemoteDebug>false</DCC_RemoteDebug>
    </PropertyGroup>
    <PropertyGroup Condition="'$(Cfg_2)'!=''">
        <DCC_LocalDebugSymbols>false</DCC_LocalDebugSymbols>
        <DCC_Define>RELEASE;$(DCC_Define)</DCC_Define>
        <DCC_SymbolReferenceInfo>0</DCC_SymbolReferenceInfo>
        <DCC_DebugInformation>false</DCC_DebugInformation>
    </PropertyGroup>
    <PropertyGroup Condition="'$(Cfg_2_Win32)'!=''">
        <Manifest_File>VisualMASM.manifest</Manifest_File>
        <VerInfo_MajorVer>2</VerInfo_MajorVer>
        <Icon_MainIcon>Images\VisualMASM_white_32x20_web.ico</Icon_MainIcon>
        <VerInfo_Keys>CompanyName=Thomas Jaeger;FileDescription=VisualMASM;FileVersion=2.0.0.0;InternalName=VisualMASM;LegalCopyright=Copyright (c) 2014 - 2017 by Thomas Jaeger. All Rights Reserved.;LegalTrademarks=;OriginalFilename=;ProductName=VisualMASM;ProductVersion=2.0.0.0;Comments=</VerInfo_Keys>
        <VerInfo_IncludeVerInfo>true</VerInfo_IncludeVerInfo>
        <VerInfo_Locale>1033</VerInfo_Locale>
    </PropertyGroup>
    <ItemGroup>
        <DelphiCompile Include="$(MainSource)">
            <MainSource>MainSource</MainSource>
        </DelphiCompile>
        <DCCReference Include="uFrmMain.pas">
            <Form>frmMain</Form>
            <FormType>dfm</FormType>
        </DCCReference>
        <DCCReference Include="uDM.pas">
            <Form>dm</Form>
            <FormType>dfm</FormType>
            <DesignClass>TDataModule</DesignClass>
        </DCCReference>
        <DCCReference Include="Domain\uBaseFile.pas"/>
        <DCCReference Include="Domain\uBundle.pas"/>
        <DCCReference Include="Domain\uDomainObject.pas"/>
        <DCCReference Include="Domain\uGroup.pas"/>
        <DCCReference Include="Domain\uLinker.pas"/>
        <DCCReference Include="Domain\uML.pas"/>
        <DCCReference Include="Domain\uProject.pas"/>
        <DCCReference Include="Domain\uProjectFile.pas"/>
        <DCCReference Include="Domain\uSharedGlobals.pas"/>
        <DCCReference Include="Domain\uTFile.pas"/>
        <DCCReference Include="Domain\uVisualMASM.pas"/>
        <DCCReference Include="Domain\uVisualMASMFile.pas"/>
        <DCCReference Include="Domain\uHTML.pas"/>
        <DCCReference Include="Tooltip\uToolTip.pas"/>
        <DCCReference Include="Tooltip\uToolTipDirectives.pas"/>
        <DCCReference Include="Tooltip\uToolTipItem.pas"/>
        <DCCReference Include="Tooltip\uToolTipMnemonics.pas"/>
        <DCCReference Include="Tooltip\uToolTipRegisters.pas"/>
        <DCCReference Include="uFrmNewItems.pas">
            <Form>frmNewItems</Form>
            <FormType>dfm</FormType>
        </DCCReference>
        <DCCReference Include="Domain\uVisualMASMOptions.pas"/>
        <DCCReference Include="JsonDataObjects.pas"/>
        <DCCReference Include="uFrmAbout.pas">
            <Form>frmAbout</Form>
            <FormType>dfm</FormType>
        </DCCReference>
        <DCCReference Include="uFrmRename.pas">
            <Form>frmRename</Form>
            <FormType>dfm</FormType>
        </DCCReference>
        <DCCReference Include="uDebugSupportPlugin.pas"/>
        <DCCReference Include="dlgConfirmReplace.pas">
            <Form>ConfirmReplaceDialog</Form>
            <FormType>dfm</FormType>
        </DCCReference>
        <DCCReference Include="dlgSearchText.pas">
            <Form>TextSearchDialog</Form>
            <FormType>dfm</FormType>
        </DCCReference>
        <DCCReference Include="dlgReplaceText.pas">
            <Form>TextReplaceDialog</Form>
            <FormType>dfm</FormType>
        </DCCReference>
        <DCCReference Include="uFrmLineNumber.pas">
            <Form>frmGoToLineNumber</Form>
            <FormType>dfm</FormType>
        </DCCReference>
        <DCCReference Include="uFrmOptions.pas">
            <Form>frmOptions</Form>
            <FormType>dfm</FormType>
        </DCCReference>
        <DCCReference Include="uFrmSetup.pas">
            <Form>frmSetup</Form>
            <FormType>dfm</FormType>
        </DCCReference>
        <DCCReference Include="uFrmDownload.pas">
            <Form>frmDownload</Form>
            <FormType>dfm</FormType>
        </DCCReference>
        <DCCReference Include="uFrmProjectOptions.pas">
            <Form>frmProjectOptions</Form>
            <FormType>dfm</FormType>
        </DCCReference>
        <DCCReference Include="uDebugger.pas"/>
        <DCCReference Include="uFrmVideo.pas">
            <Form>frmVideo</Form>
            <FormType>dfm</FormType>
        </DCCReference>
        <DCCReference Include="d_frmEditor.pas">
            <Form>frmEditor</Form>
            <FormType>dfm</FormType>
            <DesignClass>TFrame</DesignClass>
        </DCCReference>
        <DCCReference Include="uFrmProjectBuildOrder.pas">
            <Form>frmProjectBuildOrder</Form>
            <FormType>dfm</FormType>
        </DCCReference>
        <DCCReference Include="uFrmExportFunctions.pas">
            <Form>frmExportFunctions</Form>
            <FormType>dfm</FormType>
        </DCCReference>
        <DCCReference Include="uEditors.pas"/>
        <None Include="README.md"/>
        <None Include="History.txt"/>
        <None Include="VisualMASM.manifest"/>
        <BuildConfiguration Include="Release">
            <Key>Cfg_2</Key>
            <CfgParent>Base</CfgParent>
        </BuildConfiguration>
        <BuildConfiguration Include="Base">
            <Key>Base</Key>
        </BuildConfiguration>
        <BuildConfiguration Include="Debug">
            <Key>Cfg_1</Key>
            <CfgParent>Base</CfgParent>
        </BuildConfiguration>
    </ItemGroup>
    <ProjectExtensions>
        <Borland.Personality>Delphi.Personality.12</Borland.Personality>
        <Borland.ProjectType/>
        <BorlandProject>
            <Delphi.Personality>
                <VersionInfo>
                    <VersionInfo Name="IncludeVerInfo">False</VersionInfo>
                    <VersionInfo Name="AutoIncBuild">False</VersionInfo>
                    <VersionInfo Name="MajorVer">1</VersionInfo>
                    <VersionInfo Name="MinorVer">0</VersionInfo>
                    <VersionInfo Name="Release">0</VersionInfo>
                    <VersionInfo Name="Build">0</VersionInfo>
                    <VersionInfo Name="Debug">False</VersionInfo>
                    <VersionInfo Name="PreRelease">False</VersionInfo>
                    <VersionInfo Name="Special">False</VersionInfo>
                    <VersionInfo Name="Private">False</VersionInfo>
                    <VersionInfo Name="DLL">False</VersionInfo>
                    <VersionInfo Name="Locale">1033</VersionInfo>
                    <VersionInfo Name="CodePage">1252</VersionInfo>
                </VersionInfo>
                <VersionInfoKeys>
                    <VersionInfoKeys Name="CompanyName"/>
                    <VersionInfoKeys Name="FileDescription"/>
                    <VersionInfoKeys Name="FileVersion">1.0.0.0</VersionInfoKeys>
                    <VersionInfoKeys Name="InternalName"/>
                    <VersionInfoKeys Name="LegalCopyright"/>
                    <VersionInfoKeys Name="LegalTrademarks"/>
                    <VersionInfoKeys Name="OriginalFilename"/>
                    <VersionInfoKeys Name="ProductName"/>
                    <VersionInfoKeys Name="ProductVersion">1.0.0.0</VersionInfoKeys>
                    <VersionInfoKeys Name="Comments"/>
                    <VersionInfoKeys Name="CFBundleName"/>
                    <VersionInfoKeys Name="CFBundleDisplayName"/>
                    <VersionInfoKeys Name="UIDeviceFamily"/>
                    <VersionInfoKeys Name="CFBundleIdentifier"/>
                    <VersionInfoKeys Name="CFBundleVersion"/>
                    <VersionInfoKeys Name="CFBundlePackageType"/>
                    <VersionInfoKeys Name="CFBundleSignature"/>
                    <VersionInfoKeys Name="CFBundleAllowMixedLocalizations"/>
                    <VersionInfoKeys Name="UISupportedInterfaceOrientations"/>
                    <VersionInfoKeys Name="CFBundleExecutable"/>
                    <VersionInfoKeys Name="CFBundleResourceSpecification"/>
                    <VersionInfoKeys Name="LSRequiresIPhoneOS"/>
                    <VersionInfoKeys Name="CFBundleInfoDictionaryVersion"/>
                    <VersionInfoKeys Name="CFBundleDevelopmentRegion"/>
                </VersionInfoKeys>
                <Source>
                    <Source Name="MainSource">VisualMASM.dpr</Source>
                </Source>
                <Excluded_Packages>
                    <Excluded_Packages Name="C:\Users\Public\Documents\RAD Studio\11.0\Bpl\zDesign18.bpl">File C:\Users\Public\Documents\RAD Studio\11.0\Bpl\zDesign18.bpl not found</Excluded_Packages>
                    <Excluded_Packages Name="C:\Users\Public\Documents\RAD Studio\11.0\Bpl\acntDelphiXE4.bpl">File C:\Users\Public\Documents\RAD Studio\11.0\Bpl\acntDelphiXE4.bpl not found</Excluded_Packages>
                    <Excluded_Packages Name="C:\Users\Public\Documents\RAD Studio\11.0\Bpl\SynEdit_DXE4.bpl">File C:\Users\Public\Documents\RAD Studio\11.0\Bpl\SynEdit_DXE4.bpl not found</Excluded_Packages>
                    <Excluded_Packages Name="C:\Users\Public\Documents\RAD Studio\11.0\Bpl\BCComponents.Delphi.XE4.Designtime.bpl">File C:\Users\Public\Documents\RAD Studio\11.0\Bpl\BCComponents.Delphi.XE4.Designtime.bpl not found</Excluded_Packages>
                    <Excluded_Packages Name="C:\Users\Public\Documents\RAD Studio\11.0\Bpl\BCControls.Delphi.XE4.Designtime.bpl">File C:\Users\Public\Documents\RAD Studio\11.0\Bpl\BCControls.Delphi.XE4.Designtime.bpl not found</Excluded_Packages>
                    <Excluded_Packages Name="C:\Users\Public\Documents\RAD Studio\11.0\Bpl\BCEditor.Delphi.XE4.Designtime.bpl">File C:\Users\Public\Documents\RAD Studio\11.0\Bpl\BCEditor.Delphi.XE4.Designtime.bpl not found</Excluded_Packages>
                    <Excluded_Packages Name="$(BDSBIN)\dcloffice2k180.bpl">Microsoft Office 2000 Sample Automation Server Wrapper Components</Excluded_Packages>
                    <Excluded_Packages Name="$(BDSBIN)\dclofficexp180.bpl">Microsoft Office XP Sample Automation Server Wrapper Components</Excluded_Packages>
                    <Excluded_Packages Name="C:\Users\Public\Documents\RAD Studio\11.0\Bpl\PngComponentsDesign180.bpl">File C:\Users\Public\Documents\RAD Studio\11.0\Bpl\PngComponentsDesign180.bpl not found</Excluded_Packages>
                </Excluded_Packages>
            </Delphi.Personality>
            <Deployment/>
            <Platforms>
                <Platform value="Win32">True</Platform>
                <Platform value="Win64">True</Platform>
            </Platforms>
        </BorlandProject>
        <ProjectFileVersion>12</ProjectFileVersion>
    </ProjectExtensions>
    <Import Project="$(BDS)\Bin\CodeGear.Delphi.Targets" Condition="Exists('$(BDS)\Bin\CodeGear.Delphi.Targets')"/>
    <Import Project="$(APPDATA)\Embarcadero\$(BDSAPPDATABASEDIR)\$(PRODUCTVERSION)\UserTools.proj" Condition="Exists('$(APPDATA)\Embarcadero\$(BDSAPPDATABASEDIR)\$(PRODUCTVERSION)\UserTools.proj')"/>
</Project>
